// !$*UTF8*$!
{
	archiveVersion = 1;
	classes = {
	};
	objectVersion = 46;
	objects = {

/* Begin PBXBuildFile section */
		F20918A51BD2FDE700FD60EB /* main.m in Sources */ = {isa = PBXBuildFile; fileRef = F20918A41BD2FDE700FD60EB /* main.m */; };
		F20918A81BD2FDE700FD60EB /* AppDelegate.m in Sources */ = {isa = PBXBuildFile; fileRef = F20918A71BD2FDE700FD60EB /* AppDelegate.m */; };
		F20918AE1BD2FDE700FD60EB /* Contact.storyboard in Resources */ = {isa = PBXBuildFile; fileRef = F20918AC1BD2FDE700FD60EB /* Contact.storyboard */; };
		F20918B11BD2FDE700FD60EB /* Contacts.xcdatamodeld in Sources */ = {isa = PBXBuildFile; fileRef = F20918AF1BD2FDE700FD60EB /* Contacts.xcdatamodeld */; };
		F20918B31BD2FDE700FD60EB /* Assets.xcassets in Resources */ = {isa = PBXBuildFile; fileRef = F20918B21BD2FDE700FD60EB /* Assets.xcassets */; };
		F20918B61BD2FDE700FD60EB /* LaunchScreen.storyboard in Resources */ = {isa = PBXBuildFile; fileRef = F20918B41BD2FDE700FD60EB /* LaunchScreen.storyboard */; };
		F20918C21BD3013000FD60EB /* Contact.m in Sources */ = {isa = PBXBuildFile; fileRef = F20918C11BD3013000FD60EB /* Contact.m */; settings = {ASSET_TAGS = (); }; };
		F20918C51BD3118900FD60EB /* ContactListTVC.m in Sources */ = {isa = PBXBuildFile; fileRef = F20918C41BD3118900FD60EB /* ContactListTVC.m */; settings = {ASSET_TAGS = (); }; };
		F20918C81BD316E600FD60EB /* ContactCustomCell.m in Sources */ = {isa = PBXBuildFile; fileRef = F20918C71BD316E600FD60EB /* ContactCustomCell.m */; settings = {ASSET_TAGS = (); }; };
		F20918CA1BD3206000FD60EB /* favoriteIcon.png in Resources */ = {isa = PBXBuildFile; fileRef = F20918C91BD3206000FD60EB /* favoriteIcon.png */; settings = {ASSET_TAGS = (); }; };
		F20918D31BD3269900FD60EB /* ContactsDownloader.m in Sources */ = {isa = PBXBuildFile; fileRef = F20918D21BD3269900FD60EB /* ContactsDownloader.m */; settings = {ASSET_TAGS = (); }; };
		F22B6EA41BD43A1100D566DD /* defaultImage.png in Resources */ = {isa = PBXBuildFile; fileRef = F22B6EA31BD43A1100D566DD /* defaultImage.png */; settings = {ASSET_TAGS = (); }; };
		F22B6EA61BD44F1200D566DD /* phoneIcon.png in Resources */ = {isa = PBXBuildFile; fileRef = F22B6EA51BD44F1200D566DD /* phoneIcon.png */; settings = {ASSET_TAGS = (); }; };
		F22B6EF01BD4866C00D566DD /* contactSplashScreen.png in Resources */ = {isa = PBXBuildFile; fileRef = F22B6EEF1BD4866C00D566DD /* contactSplashScreen.png */; settings = {ASSET_TAGS = (); }; };
		F22B6F101BD4BDB100D566DD /* AppIcon29x29.png in Resources */ = {isa = PBXBuildFile; fileRef = F22B6F031BD4BDB100D566DD /* AppIcon29x29.png */; settings = {ASSET_TAGS = (); }; };
		F22B6F111BD4BDB100D566DD /* AppIcon29x29@2x.png in Resources */ = {isa = PBXBuildFile; fileRef = F22B6F041BD4BDB100D566DD /* AppIcon29x29@2x.png */; settings = {ASSET_TAGS = (); }; };
		F22B6F121BD4BDB100D566DD /* AppIcon29x29@2x~ipad.png in Resources */ = {isa = PBXBuildFile; fileRef = F22B6F051BD4BDB100D566DD /* AppIcon29x29@2x~ipad.png */; settings = {ASSET_TAGS = (); }; };
		F22B6F131BD4BDB100D566DD /* AppIcon29x29@3x.png in Resources */ = {isa = PBXBuildFile; fileRef = F22B6F061BD4BDB100D566DD /* AppIcon29x29@3x.png */; settings = {ASSET_TAGS = (); }; };
		F22B6F141BD4BDB100D566DD /* AppIcon29x29~ipad.png in Resources */ = {isa = PBXBuildFile; fileRef = F22B6F071BD4BDB100D566DD /* AppIcon29x29~ipad.png */; settings = {ASSET_TAGS = (); }; };
		F22B6F151BD4BDB100D566DD /* AppIcon40x40@2x.png in Resources */ = {isa = PBXBuildFile; fileRef = F22B6F081BD4BDB100D566DD /* AppIcon40x40@2x.png */; settings = {ASSET_TAGS = (); }; };
		F22B6F161BD4BDB100D566DD /* AppIcon40x40@2x~ipad.png in Resources */ = {isa = PBXBuildFile; fileRef = F22B6F091BD4BDB100D566DD /* AppIcon40x40@2x~ipad.png */; settings = {ASSET_TAGS = (); }; };
		F22B6F171BD4BDB100D566DD /* AppIcon40x40@3x.png in Resources */ = {isa = PBXBuildFile; fileRef = F22B6F0A1BD4BDB100D566DD /* AppIcon40x40@3x.png */; settings = {ASSET_TAGS = (); }; };
		F22B6F181BD4BDB100D566DD /* AppIcon40x40~ipad.png in Resources */ = {isa = PBXBuildFile; fileRef = F22B6F0B1BD4BDB100D566DD /* AppIcon40x40~ipad.png */; settings = {ASSET_TAGS = (); }; };
		F22B6F191BD4BDB100D566DD /* AppIcon60x60@2x.png in Resources */ = {isa = PBXBuildFile; fileRef = F22B6F0C1BD4BDB100D566DD /* AppIcon60x60@2x.png */; settings = {ASSET_TAGS = (); }; };
		F22B6F1A1BD4BDB100D566DD /* AppIcon60x60@3x.png in Resources */ = {isa = PBXBuildFile; fileRef = F22B6F0D1BD4BDB100D566DD /* AppIcon60x60@3x.png */; settings = {ASSET_TAGS = (); }; };
		F22B6F1B1BD4BDB100D566DD /* AppIcon76x76@2x~ipad.png in Resources */ = {isa = PBXBuildFile; fileRef = F22B6F0E1BD4BDB100D566DD /* AppIcon76x76@2x~ipad.png */; settings = {ASSET_TAGS = (); }; };
		F22B6F1C1BD4BDB100D566DD /* AppIcon76x76~ipad.png in Resources */ = {isa = PBXBuildFile; fileRef = F22B6F0F1BD4BDB100D566DD /* AppIcon76x76~ipad.png */; settings = {ASSET_TAGS = (); }; };
		F22B6F1F1BD4BF5500D566DD /* ContactDetailVC.m in Sources */ = {isa = PBXBuildFile; fileRef = F22B6F1E1BD4BF5500D566DD /* ContactDetailVC.m */; settings = {ASSET_TAGS = (); }; };
		F24971DB1BD4D1FB0077F91D /* ContactDetailDownloader.m in Sources */ = {isa = PBXBuildFile; fileRef = F24971DA1BD4D1FB0077F91D /* ContactDetailDownloader.m */; settings = {ASSET_TAGS = (); }; };
/* End PBXBuildFile section */

/* Begin PBXFileReference section */
		F20918A01BD2FDE700FD60EB /* Contacts.app */ = {isa = PBXFileReference; explicitFileType = wrapper.application; includeInIndex = 0; path = Contacts.app; sourceTree = BUILT_PRODUCTS_DIR; };
		F20918A41BD2FDE700FD60EB /* main.m */ = {isa = PBXFileReference; lastKnownFileType = sourcecode.c.objc; path = main.m; sourceTree = "<group>"; };
		F20918A61BD2FDE700FD60EB /* AppDelegate.h */ = {isa = PBXFileReference; lastKnownFileType = sourcecode.c.h; path = AppDelegate.h; sourceTree = "<group>"; };
		F20918A71BD2FDE700FD60EB /* AppDelegate.m */ = {isa = PBXFileReference; lastKnownFileType = sourcecode.c.objc; path = AppDelegate.m; sourceTree = "<group>"; };
		F20918AD1BD2FDE700FD60EB /* Base */ = {isa = PBXFileReference; lastKnownFileType = file.storyboard; name = Base; path = Base.lproj/Contact.storyboard; sourceTree = "<group>"; };
		F20918B01BD2FDE700FD60EB /* Contacts.xcdatamodel */ = {isa = PBXFileReference; lastKnownFileType = wrapper.xcdatamodel; path = Contacts.xcdatamodel; sourceTree = "<group>"; };
		F20918B21BD2FDE700FD60EB /* Assets.xcassets */ = {isa = PBXFileReference; lastKnownFileType = folder.assetcatalog; path = Assets.xcassets; sourceTree = "<group>"; };
		F20918B51BD2FDE700FD60EB /* Base */ = {isa = PBXFileReference; lastKnownFileType = file.storyboard; name = Base; path = Base.lproj/LaunchScreen.storyboard; sourceTree = "<group>"; };
		F20918B71BD2FDE700FD60EB /* Info.plist */ = {isa = PBXFileReference; lastKnownFileType = text.plist.xml; path = Info.plist; sourceTree = "<group>"; };
		F20918C01BD3013000FD60EB /* Contact.h */ = {isa = PBXFileReference; fileEncoding = 4; lastKnownFileType = sourcecode.c.h; path = Contact.h; sourceTree = "<group>"; };
		F20918C11BD3013000FD60EB /* Contact.m */ = {isa = PBXFileReference; fileEncoding = 4; lastKnownFileType = sourcecode.c.objc; path = Contact.m; sourceTree = "<group>"; };
		F20918C31BD3118900FD60EB /* ContactListTVC.h */ = {isa = PBXFileReference; fileEncoding = 4; lastKnownFileType = sourcecode.c.h; name = ContactListTVC.h; path = ../ContactListTVC.h; sourceTree = "<group>"; };
		F20918C41BD3118900FD60EB /* ContactListTVC.m */ = {isa = PBXFileReference; fileEncoding = 4; lastKnownFileType = sourcecode.c.objc; name = ContactListTVC.m; path = ../ContactListTVC.m; sourceTree = "<group>"; };
		F20918C61BD316E600FD60EB /* ContactCustomCell.h */ = {isa = PBXFileReference; fileEncoding = 4; lastKnownFileType = sourcecode.c.h; path = ContactCustomCell.h; sourceTree = "<group>"; };
		F20918C71BD316E600FD60EB /* ContactCustomCell.m */ = {isa = PBXFileReference; fileEncoding = 4; lastKnownFileType = sourcecode.c.objc; path = ContactCustomCell.m; sourceTree = "<group>"; };
		F20918C91BD3206000FD60EB /* favoriteIcon.png */ = {isa = PBXFileReference; lastKnownFileType = image.png; path = favoriteIcon.png; sourceTree = "<group>"; };
		F20918D11BD3269900FD60EB /* ContactsDownloader.h */ = {isa = PBXFileReference; fileEncoding = 4; lastKnownFileType = sourcecode.c.h; path = ContactsDownloader.h; sourceTree = "<group>"; };
		F20918D21BD3269900FD60EB /* ContactsDownloader.m */ = {isa = PBXFileReference; fileEncoding = 4; lastKnownFileType = sourcecode.c.objc; path = ContactsDownloader.m; sourceTree = "<group>"; };
		F22B6EA31BD43A1100D566DD /* defaultImage.png */ = {isa = PBXFileReference; lastKnownFileType = image.png; path = defaultImage.png; sourceTree = "<group>"; };
		F22B6EA51BD44F1200D566DD /* phoneIcon.png */ = {isa = PBXFileReference; lastKnownFileType = image.png; path = phoneIcon.png; sourceTree = "<group>"; };
		F22B6EEF1BD4866C00D566DD /* contactSplashScreen.png */ = {isa = PBXFileReference; lastKnownFileType = image.png; path = contactSplashScreen.png; sourceTree = "<group>"; };
		F22B6F031BD4BDB100D566DD /* AppIcon29x29.png */ = {isa = PBXFileReference; lastKnownFileType = image.png; path = AppIcon29x29.png; sourceTree = "<group>"; };
		F22B6F041BD4BDB100D566DD /* AppIcon29x29@2x.png */ = {isa = PBXFileReference; lastKnownFileType = image.png; path = "AppIcon29x29@2x.png"; sourceTree = "<group>"; };
		F22B6F051BD4BDB100D566DD /* AppIcon29x29@2x~ipad.png */ = {isa = PBXFileReference; lastKnownFileType = image.png; path = "AppIcon29x29@2x~ipad.png"; sourceTree = "<group>"; };
		F22B6F061BD4BDB100D566DD /* AppIcon29x29@3x.png */ = {isa = PBXFileReference; lastKnownFileType = image.png; path = "AppIcon29x29@3x.png"; sourceTree = "<group>"; };
		F22B6F071BD4BDB100D566DD /* AppIcon29x29~ipad.png */ = {isa = PBXFileReference; lastKnownFileType = image.png; path = "AppIcon29x29~ipad.png"; sourceTree = "<group>"; };
		F22B6F081BD4BDB100D566DD /* AppIcon40x40@2x.png */ = {isa = PBXFileReference; lastKnownFileType = image.png; path = "AppIcon40x40@2x.png"; sourceTree = "<group>"; };
		F22B6F091BD4BDB100D566DD /* AppIcon40x40@2x~ipad.png */ = {isa = PBXFileReference; lastKnownFileType = image.png; path = "AppIcon40x40@2x~ipad.png"; sourceTree = "<group>"; };
		F22B6F0A1BD4BDB100D566DD /* AppIcon40x40@3x.png */ = {isa = PBXFileReference; lastKnownFileType = image.png; path = "AppIcon40x40@3x.png"; sourceTree = "<group>"; };
		F22B6F0B1BD4BDB100D566DD /* AppIcon40x40~ipad.png */ = {isa = PBXFileReference; lastKnownFileType = image.png; path = "AppIcon40x40~ipad.png"; sourceTree = "<group>"; };
		F22B6F0C1BD4BDB100D566DD /* AppIcon60x60@2x.png */ = {isa = PBXFileReference; lastKnownFileType = image.png; path = "AppIcon60x60@2x.png"; sourceTree = "<group>"; };
		F22B6F0D1BD4BDB100D566DD /* AppIcon60x60@3x.png */ = {isa = PBXFileReference; lastKnownFileType = image.png; path = "AppIcon60x60@3x.png"; sourceTree = "<group>"; };
		F22B6F0E1BD4BDB100D566DD /* AppIcon76x76@2x~ipad.png */ = {isa = PBXFileReference; lastKnownFileType = image.png; path = "AppIcon76x76@2x~ipad.png"; sourceTree = "<group>"; };
		F22B6F0F1BD4BDB100D566DD /* AppIcon76x76~ipad.png */ = {isa = PBXFileReference; lastKnownFileType = image.png; path = "AppIcon76x76~ipad.png"; sourceTree = "<group>"; };
		F22B6F1D1BD4BF5500D566DD /* ContactDetailVC.h */ = {isa = PBXFileReference; fileEncoding = 4; lastKnownFileType = sourcecode.c.h; path = ContactDetailVC.h; sourceTree = "<group>"; };
		F22B6F1E1BD4BF5500D566DD /* ContactDetailVC.m */ = {isa = PBXFileReference; fileEncoding = 4; lastKnownFileType = sourcecode.c.objc; path = ContactDetailVC.m; sourceTree = "<group>"; };
		F24971D91BD4D1FB0077F91D /* ContactDetailDownloader.h */ = {isa = PBXFileReference; fileEncoding = 4; lastKnownFileType = sourcecode.c.h; path = ContactDetailDownloader.h; sourceTree = "<group>"; };
		F24971DA1BD4D1FB0077F91D /* ContactDetailDownloader.m */ = {isa = PBXFileReference; fileEncoding = 4; lastKnownFileType = sourcecode.c.objc; path = ContactDetailDownloader.m; sourceTree = "<group>"; };
/* End PBXFileReference section */

/* Begin PBXFrameworksBuildPhase section */
		F209189D1BD2FDE700FD60EB /* Frameworks */ = {
			isa = PBXFrameworksBuildPhase;
			buildActionMask = 2147483647;
			files = (
			);
			runOnlyForDeploymentPostprocessing = 0;
		};
/* End PBXFrameworksBuildPhase section */

/* Begin PBXGroup section */
		F20918971BD2FDE700FD60EB = {
			isa = PBXGroup;
			children = (
				F20918A21BD2FDE700FD60EB /* Contacts */,
				F20918A11BD2FDE700FD60EB /* Products */,
			);
			sourceTree = "<group>";
		};
		F20918A11BD2FDE700FD60EB /* Products */ = {
			isa = PBXGroup;
			children = (
				F20918A01BD2FDE700FD60EB /* Contacts.app */,
			);
			name = Products;
			sourceTree = "<group>";
		};
		F20918A21BD2FDE700FD60EB /* Contacts */ = {
			isa = PBXGroup;
			children = (
				F20918CB1BD3206400FD60EB /* Images */,
				F20918BF1BD2FE2500FD60EB /* Data */,
				F20918BE1BD2FE0500FD60EB /* Main */,
				F20918BD1BD2FDF100FD60EB /* Delegate */,
				F20918B21BD2FDE700FD60EB /* Assets.xcassets */,
				F20918B41BD2FDE700FD60EB /* LaunchScreen.storyboard */,
				F20918B71BD2FDE700FD60EB /* Info.plist */,
				F20918AF1BD2FDE700FD60EB /* Contacts.xcdatamodeld */,
				F20918A31BD2FDE700FD60EB /* Supporting Files */,
			);
			path = Contacts;
			sourceTree = "<group>";
		};
		F20918A31BD2FDE700FD60EB /* Supporting Files */ = {
			isa = PBXGroup;
			children = (
				F20918A41BD2FDE700FD60EB /* main.m */,
			);
			name = "Supporting Files";
			sourceTree = "<group>";
		};
		F20918BD1BD2FDF100FD60EB /* Delegate */ = {
			isa = PBXGroup;
			children = (
				F20918A61BD2FDE700FD60EB /* AppDelegate.h */,
				F20918A71BD2FDE700FD60EB /* AppDelegate.m */,
			);
			name = Delegate;
			sourceTree = "<group>";
		};
		F20918BE1BD2FE0500FD60EB /* Main */ = {
			isa = PBXGroup;
			children = (
				F20918C31BD3118900FD60EB /* ContactListTVC.h */,
				F20918C41BD3118900FD60EB /* ContactListTVC.m */,
				F20918C61BD316E600FD60EB /* ContactCustomCell.h */,
				F20918C71BD316E600FD60EB /* ContactCustomCell.m */,
				F22B6F1D1BD4BF5500D566DD /* ContactDetailVC.h */,
				F22B6F1E1BD4BF5500D566DD /* ContactDetailVC.m */,
				F20918AC1BD2FDE700FD60EB /* Contact.storyboard */,
			);
			name = Main;
			sourceTree = "<group>";
		};
		F20918BF1BD2FE2500FD60EB /* Data */ = {
			isa = PBXGroup;
			children = (
				F20918C01BD3013000FD60EB /* Contact.h */,
				F20918C11BD3013000FD60EB /* Contact.m */,
				F20918D11BD3269900FD60EB /* ContactsDownloader.h */,
				F20918D21BD3269900FD60EB /* ContactsDownloader.m */,
				F24971D91BD4D1FB0077F91D /* ContactDetailDownloader.h */,
				F24971DA1BD4D1FB0077F91D /* ContactDetailDownloader.m */,
			);
			name = Data;
			sourceTree = "<group>";
		};
		F20918CB1BD3206400FD60EB /* Images */ = {
			isa = PBXGroup;
			children = (
				F22B6EEC1BD4835C00D566DD /* Resources */,
				F22B6EA71BD47F6100D566DD /* App Icon */,
			);
			name = Images;
			sourceTree = "<group>";
		};
		F22B6EA71BD47F6100D566DD /* App Icon */ = {
			isa = PBXGroup;
			children = (
				F22B6F031BD4BDB100D566DD /* AppIcon29x29.png */,
				F22B6F041BD4BDB100D566DD /* AppIcon29x29@2x.png */,
				F22B6F051BD4BDB100D566DD /* AppIcon29x29@2x~ipad.png */,
				F22B6F061BD4BDB100D566DD /* AppIcon29x29@3x.png */,
				F22B6F071BD4BDB100D566DD /* AppIcon29x29~ipad.png */,
				F22B6F081BD4BDB100D566DD /* AppIcon40x40@2x.png */,
				F22B6F091BD4BDB100D566DD /* AppIcon40x40@2x~ipad.png */,
				F22B6F0A1BD4BDB100D566DD /* AppIcon40x40@3x.png */,
				F22B6F0B1BD4BDB100D566DD /* AppIcon40x40~ipad.png */,
				F22B6F0C1BD4BDB100D566DD /* AppIcon60x60@2x.png */,
				F22B6F0D1BD4BDB100D566DD /* AppIcon60x60@3x.png */,
				F22B6F0E1BD4BDB100D566DD /* AppIcon76x76@2x~ipad.png */,
				F22B6F0F1BD4BDB100D566DD /* AppIcon76x76~ipad.png */,
			);
			name = "App Icon";
			sourceTree = "<group>";
		};
		F22B6EEC1BD4835C00D566DD /* Resources */ = {
			isa = PBXGroup;
			children = (
				F22B6EEF1BD4866C00D566DD /* contactSplashScreen.png */,
				F20918C91BD3206000FD60EB /* favoriteIcon.png */,
				F22B6EA51BD44F1200D566DD /* phoneIcon.png */,
				F22B6EA31BD43A1100D566DD /* defaultImage.png */,
			);
			name = Resources;
			sourceTree = "<group>";
		};
/* End PBXGroup section */

/* Begin PBXNativeTarget section */
		F209189F1BD2FDE700FD60EB /* Contacts */ = {
			isa = PBXNativeTarget;
			buildConfigurationList = F20918BA1BD2FDE700FD60EB /* Build configuration list for PBXNativeTarget "Contacts" */;
			buildPhases = (
				F209189C1BD2FDE700FD60EB /* Sources */,
				F209189D1BD2FDE700FD60EB /* Frameworks */,
				F209189E1BD2FDE700FD60EB /* Resources */,
			);
			buildRules = (
			);
			dependencies = (
			);
			name = Contacts;
			productName = Contacts;
			productReference = F20918A01BD2FDE700FD60EB /* Contacts.app */;
			productType = "com.apple.product-type.application";
		};
/* End PBXNativeTarget section */

/* Begin PBXProject section */
		F20918981BD2FDE700FD60EB /* Project object */ = {
			isa = PBXProject;
			attributes = {
				LastUpgradeCheck = 0700;
				ORGANIZATIONNAME = Solstice;
				TargetAttributes = {
					F209189F1BD2FDE700FD60EB = {
						CreatedOnToolsVersion = 7.0.1;
					};
				};
			};
			buildConfigurationList = F209189B1BD2FDE700FD60EB /* Build configuration list for PBXProject "Contacts" */;
			compatibilityVersion = "Xcode 3.2";
			developmentRegion = English;
			hasScannedForEncodings = 0;
			knownRegions = (
				en,
				Base,
			);
			mainGroup = F20918971BD2FDE700FD60EB;
			productRefGroup = F20918A11BD2FDE700FD60EB /* Products */;
			projectDirPath = "";
			projectRoot = "";
			targets = (
				F209189F1BD2FDE700FD60EB /* Contacts */,
			);
		};
/* End PBXProject section */

/* Begin PBXResourcesBuildPhase section */
		F209189E1BD2FDE700FD60EB /* Resources */ = {
			isa = PBXResourcesBuildPhase;
			buildActionMask = 2147483647;
			files = (
				F22B6F1C1BD4BDB100D566DD /* AppIcon76x76~ipad.png in Resources */,
				F22B6F1B1BD4BDB100D566DD /* AppIcon76x76@2x~ipad.png in Resources */,
				F22B6EA41BD43A1100D566DD /* defaultImage.png in Resources */,
				F22B6F121BD4BDB100D566DD /* AppIcon29x29@2x~ipad.png in Resources */,
				F22B6F191BD4BDB100D566DD /* AppIcon60x60@2x.png in Resources */,
				F20918CA1BD3206000FD60EB /* favoriteIcon.png in Resources */,
				F22B6F161BD4BDB100D566DD /* AppIcon40x40@2x~ipad.png in Resources */,
				F20918B61BD2FDE700FD60EB /* LaunchScreen.storyboard in Resources */,
				F22B6F101BD4BDB100D566DD /* AppIcon29x29.png in Resources */,
				F22B6F1A1BD4BDB100D566DD /* AppIcon60x60@3x.png in Resources */,
				F22B6F131BD4BDB100D566DD /* AppIcon29x29@3x.png in Resources */,
				F22B6F151BD4BDB100D566DD /* AppIcon40x40@2x.png in Resources */,
				F22B6F171BD4BDB100D566DD /* AppIcon40x40@3x.png in Resources */,
				F22B6F111BD4BDB100D566DD /* AppIcon29x29@2x.png in Resources */,
				F22B6EF01BD4866C00D566DD /* contactSplashScreen.png in Resources */,
				F22B6F141BD4BDB100D566DD /* AppIcon29x29~ipad.png in Resources */,
				F20918B31BD2FDE700FD60EB /* Assets.xcassets in Resources */,
				F20918AE1BD2FDE700FD60EB /* Contact.storyboard in Resources */,
				F22B6F181BD4BDB100D566DD /* AppIcon40x40~ipad.png in Resources */,
				F22B6EA61BD44F1200D566DD /* phoneIcon.png in Resources */,
			);
			runOnlyForDeploymentPostprocessing = 0;
		};
/* End PBXResourcesBuildPhase section */

/* Begin PBXSourcesBuildPhase section */
		F209189C1BD2FDE700FD60EB /* Sources */ = {
			isa = PBXSourcesBuildPhase;
			buildActionMask = 2147483647;
			files = (
				F20918B11BD2FDE700FD60EB /* Contacts.xcdatamodeld in Sources */,
				F22B6F1F1BD4BF5500D566DD /* ContactDetailVC.m in Sources */,
				F20918C21BD3013000FD60EB /* Contact.m in Sources */,
				F20918C51BD3118900FD60EB /* ContactListTVC.m in Sources */,
				F20918C81BD316E600FD60EB /* ContactCustomCell.m in Sources */,
				F20918D31BD3269900FD60EB /* ContactsDownloader.m in Sources */,
				F20918A81BD2FDE700FD60EB /* AppDelegate.m in Sources */,
				F20918A51BD2FDE700FD60EB /* main.m in Sources */,
				F24971DB1BD4D1FB0077F91D /* ContactDetailDownloader.m in Sources */,
			);
			runOnlyForDeploymentPostprocessing = 0;
		};
/* End PBXSourcesBuildPhase section */

/* Begin PBXVariantGroup section */
		F20918AC1BD2FDE700FD60EB /* Contact.storyboard */ = {
			isa = PBXVariantGroup;
			children = (
				F20918AD1BD2FDE700FD60EB /* Base */,
			);
			name = Contact.storyboard;
			sourceTree = "<group>";
		};
		F20918B41BD2FDE700FD60EB /* LaunchScreen.storyboard */ = {
			isa = PBXVariantGroup;
			children = (
				F20918B51BD2FDE700FD60EB /* Base */,
			);
			name = LaunchScreen.storyboard;
			sourceTree = "<group>";
		};
/* End PBXVariantGroup section */

/* Begin XCBuildConfiguration section */
		F20918B81BD2FDE700FD60EB /* Debug */ = {
			isa = XCBuildConfiguration;
			buildSettings = {
				ALWAYS_SEARCH_USER_PATHS = NO;
				CLANG_CXX_LANGUAGE_STANDARD = "gnu++0x";
				CLANG_CXX_LIBRARY = "libc++";
				CLANG_ENABLE_MODULES = YES;
				CLANG_ENABLE_OBJC_ARC = YES;
				CLANG_WARN_BOOL_CONVERSION = YES;
				CLANG_WARN_CONSTANT_CONVERSION = YES;
				CLANG_WARN_DIRECT_OBJC_ISA_USAGE = YES_ERROR;
				CLANG_WARN_EMPTY_BODY = YES;
				CLANG_WARN_ENUM_CONVERSION = YES;
				CLANG_WARN_INT_CONVERSION = YES;
				CLANG_WARN_OBJC_ROOT_CLASS = YES_ERROR;
				CLANG_WARN_UNREACHABLE_CODE = YES;
				CLANG_WARN__DUPLICATE_METHOD_MATCH = YES;
				"CODE_SIGN_IDENTITY[sdk=iphoneos*]" = "iPhone Developer";
				COPY_PHASE_STRIP = NO;
				DEBUG_INFORMATION_FORMAT = dwarf;
				ENABLE_STRICT_OBJC_MSGSEND = YES;
				ENABLE_TESTABILITY = YES;
				GCC_C_LANGUAGE_STANDARD = gnu99;
				GCC_DYNAMIC_NO_PIC = NO;
				GCC_NO_COMMON_BLOCKS = YES;
				GCC_OPTIMIZATION_LEVEL = 0;
				GCC_PREPROCESSOR_DEFINITIONS = (
					"DEBUG=1",
					"$(inherited)",
				);
				GCC_WARN_64_TO_32_BIT_CONVERSION = YES;
				GCC_WARN_ABOUT_RETURN_TYPE = YES_ERROR;
				GCC_WARN_UNDECLARED_SELECTOR = YES;
				GCC_WARN_UNINITIALIZED_AUTOS = YES_AGGRESSIVE;
				GCC_WARN_UNUSED_FUNCTION = YES;
				GCC_WARN_UNUSED_VARIABLE = YES;
				IPHONEOS_DEPLOYMENT_TARGET = 9.0;
				MTL_ENABLE_DEBUG_INFO = YES;
				ONLY_ACTIVE_ARCH = YES;
				SDKROOT = iphoneos;
			};
			name = Debug;
		};
		F20918B91BD2FDE700FD60EB /* Release */ = {
			isa = XCBuildConfiguration;
			buildSettings = {
				ALWAYS_SEARCH_USER_PATHS = NO;
				CLANG_CXX_LANGUAGE_STANDARD = "gnu++0x";
				CLANG_CXX_LIBRARY = "libc++";
				CLANG_ENABLE_MODULES = YES;
				CLANG_ENABLE_OBJC_ARC = YES;
				CLANG_WARN_BOOL_CONVERSION = YES;
				CLANG_WARN_CONSTANT_CONVERSION = YES;
				CLANG_WARN_DIRECT_OBJC_ISA_USAGE = YES_ERROR;
				CLANG_WARN_EMPTY_BODY = YES;
				CLANG_WARN_ENUM_CONVERSION = YES;
				CLANG_WARN_INT_CONVERSION = YES;
				CLANG_WARN_OBJC_ROOT_CLASS = YES_ERROR;
				CLANG_WARN_UNREACHABLE_CODE = YES;
				CLANG_WARN__DUPLICATE_METHOD_MATCH = YES;
				"CODE_SIGN_IDENTITY[sdk=iphoneos*]" = "iPhone Developer";
				COPY_PHASE_STRIP = NO;
				DEBUG_INFORMATION_FORMAT = "dwarf-with-dsym";
				ENABLE_NS_ASSERTIONS = NO;
				ENABLE_STRICT_OBJC_MSGSEND = YES;
				GCC_C_LANGUAGE_STANDARD = gnu99;
				GCC_NO_COMMON_BLOCKS = YES;
				GCC_WARN_64_TO_32_BIT_CONVERSION = YES;
				GCC_WARN_ABOUT_RETURN_TYPE = YES_ERROR;
				GCC_WARN_UNDECLARED_SELECTOR = YES;
				GCC_WARN_UNINITIALIZED_AUTOS = YES_AGGRESSIVE;
				GCC_WARN_UNUSED_FUNCTION = YES;
				GCC_WARN_UNUSED_VARIABLE = YES;
				IPHONEOS_DEPLOYMENT_TARGET = 9.0;
				MTL_ENABLE_DEBUG_INFO = NO;
				SDKROOT = iphoneos;
				VALIDATE_PRODUCT = YES;
			};
			name = Release;
		};
		F20918BB1BD2FDE700FD60EB /* Debug */ = {
			isa = XCBuildConfiguration;
			buildSettings = {
				ASSETCATALOG_COMPILER_APPICON_NAME = AppIcon;
				INFOPLIST_FILE = Contacts/Info.plist;
				LD_RUNPATH_SEARCH_PATHS = "$(inherited) @executable_path/Frameworks";
				PRODUCT_BUNDLE_IDENTIFIER = com.Solstice.Contacts;
				PRODUCT_NAME = "$(TARGET_NAME)";
				TARGETED_DEVICE_FAMILY = "1,2";
			};
			name = Debug;
		};
		F20918BC1BD2FDE700FD60EB /* Release */ = {
			isa = XCBuildConfiguration;
			buildSettings = {
				ASSETCATALOG_COMPILER_APPICON_NAME = AppIcon;
				INFOPLIST_FILE = Contacts/Info.plist;
				LD_RUNPATH_SEARCH_PATHS = "$(inherited) @executable_path/Frameworks";
				PRODUCT_BUNDLE_IDENTIFIER = com.Solstice.Contacts;
				PRODUCT_NAME = "$(TARGET_NAME)";
				TARGETED_DEVICE_FAMILY = "1,2";
			};
			name = Release;
		};
/* End XCBuildConfiguration section */

/* Begin XCConfigurationList section */
		F209189B1BD2FDE700FD60EB /* Build configuration list for PBXProject "Contacts" */ = {
			isa = XCConfigurationList;
			buildConfigurations = (
				F20918B81BD2FDE700FD60EB /* Debug */,
				F20918B91BD2FDE700FD60EB /* Release */,
			);
			defaultConfigurationIsVisible = 0;
			defaultConfigurationName = Release;
		};
		F20918BA1BD2FDE700FD60EB /* Build configuration list for PBXNativeTarget "Contacts" */ = {
			isa = XCConfigurationList;
			buildConfigurations = (
				F20918BB1BD2FDE700FD60EB /* Debug */,
				F20918BC1BD2FDE700FD60EB /* Release */,
			);
			defaultConfigurationIsVisible = 0;
			defaultConfigurationName = Release;
		};
/* End XCConfigurationList section */

/* Begin XCVersionGroup section */
		F20918AF1BD2FDE700FD60EB /* Contacts.xcdatamodeld */ = {
			isa = XCVersionGroup;
			children = (
				F20918B01BD2FDE700FD60EB /* Contacts.xcdatamodel */,
			);
			currentVersion = F20918B01BD2FDE700FD60EB /* Contacts.xcdatamodel */;
			path = Contacts.xcdatamodeld;
			sourceTree = "<group>";
			versionGroupType = wrapper.xcdatamodel;
		};
/* End XCVersionGroup section */
	};
	rootObject = F20918981BD2FDE700FD60EB /* Project object */;
}
